// !$*UTF8*$!
{
	archiveVersion = 1;
	classes = {
	};
	objectVersion = 46;
	objects = {

/* Begin PBXBuildFile section */
		F191A80E190A1794004836F2 /* FPNViewBorderColorizer.m in Sources */ = {isa = PBXBuildFile; fileRef = F191A80D190A1794004836F2 /* FPNViewBorderColorizer.m */; };
		F191A812190A2050004836F2 /* FPNAllRomanjiForKana.m in Sources */ = {isa = PBXBuildFile; fileRef = F191A811190A2050004836F2 /* FPNAllRomanjiForKana.m */; };
		F191A817190AFD4E004836F2 /* FPNQuizSelectorTableVC.m in Sources */ = {isa = PBXBuildFile; fileRef = F191A816190AFD4E004836F2 /* FPNQuizSelectorTableVC.m */; };
		F191A819190B3877004836F2 /* hiragana.plist in Resources */ = {isa = PBXBuildFile; fileRef = F191A818190B3877004836F2 /* hiragana.plist */; };
		F191A81C190DC4EE004836F2 /* FPNQuizAnswerButton.m in Sources */ = {isa = PBXBuildFile; fileRef = F191A81B190DC4EE004836F2 /* FPNQuizAnswerButton.m */; };
		F1C17F9D191746F8003102E6 /* Model.xcdatamodeld in Sources */ = {isa = PBXBuildFile; fileRef = F1C17F9B191746F8003102E6 /* Model.xcdatamodeld */; };
		F1C17FA019174909003102E6 /* FPNConjugateJapaneseQuizGenerator.m in Sources */ = {isa = PBXBuildFile; fileRef = F1C17F9F19174909003102E6 /* FPNConjugateJapaneseQuizGenerator.m */; };
		F1C17FA31917D5FE003102E6 /* NSArray+Tools.m in Sources */ = {isa = PBXBuildFile; fileRef = F1C17FA21917D5FE003102E6 /* NSArray+Tools.m */; };
		F1CB90CF190EAEA2004BFC47 /* hangul.plist in Resources */ = {isa = PBXBuildFile; fileRef = F1CB90CE190EAEA2004BFC47 /* hangul.plist */; };
		F1CB90D2190F4865004BFC47 /* FPNHangulQuizGenerator.m in Sources */ = {isa = PBXBuildFile; fileRef = F1CB90D1190F4865004BFC47 /* FPNHangulQuizGenerator.m */; };
		F1CB90D5190F4EE9004BFC47 /* UIView+Tools.m in Sources */ = {isa = PBXBuildFile; fileRef = F1CB90D4190F4EE9004BFC47 /* UIView+Tools.m */; };
		F1CB9126191280A0004BFC47 /* about.plist in Resources */ = {isa = PBXBuildFile; fileRef = F1CB9125191280A0004BFC47 /* about.plist */; };
		F1CB91411916F9F4004BFC47 /* japanese_words.plist in Resources */ = {isa = PBXBuildFile; fileRef = F1CB91401916F9F4004BFC47 /* japanese_words.plist */; };
		F1EA9B0A1906CCD4007F9F5C /* Foundation.framework in Frameworks */ = {isa = PBXBuildFile; fileRef = F1EA9B091906CCD4007F9F5C /* Foundation.framework */; };
		F1EA9B0C1906CCD4007F9F5C /* CoreGraphics.framework in Frameworks */ = {isa = PBXBuildFile; fileRef = F1EA9B0B1906CCD4007F9F5C /* CoreGraphics.framework */; };
		F1EA9B0E1906CCD4007F9F5C /* UIKit.framework in Frameworks */ = {isa = PBXBuildFile; fileRef = F1EA9B0D1906CCD4007F9F5C /* UIKit.framework */; };
		F1EA9B141906CCD4007F9F5C /* InfoPlist.strings in Resources */ = {isa = PBXBuildFile; fileRef = F1EA9B121906CCD4007F9F5C /* InfoPlist.strings */; };
		F1EA9B161906CCD4007F9F5C /* main.m in Sources */ = {isa = PBXBuildFile; fileRef = F1EA9B151906CCD4007F9F5C /* main.m */; };
		F1EA9B1A1906CCD4007F9F5C /* FPNAppDelegate.m in Sources */ = {isa = PBXBuildFile; fileRef = F1EA9B191906CCD4007F9F5C /* FPNAppDelegate.m */; };
		F1EA9B1D1906CCD4007F9F5C /* Main_iPhone.storyboard in Resources */ = {isa = PBXBuildFile; fileRef = F1EA9B1B1906CCD4007F9F5C /* Main_iPhone.storyboard */; };
		F1EA9B201906CCD4007F9F5C /* Main_iPad.storyboard in Resources */ = {isa = PBXBuildFile; fileRef = F1EA9B1E1906CCD4007F9F5C /* Main_iPad.storyboard */; };
		F1EA9B231906CCD4007F9F5C /* FPNViewController.m in Sources */ = {isa = PBXBuildFile; fileRef = F1EA9B221906CCD4007F9F5C /* FPNViewController.m */; };
		F1EA9B251906CCD4007F9F5C /* Images.xcassets in Resources */ = {isa = PBXBuildFile; fileRef = F1EA9B241906CCD4007F9F5C /* Images.xcassets */; };
		F1EA9B2C1906CCD4007F9F5C /* XCTest.framework in Frameworks */ = {isa = PBXBuildFile; fileRef = F1EA9B2B1906CCD4007F9F5C /* XCTest.framework */; };
		F1EA9B2D1906CCD4007F9F5C /* Foundation.framework in Frameworks */ = {isa = PBXBuildFile; fileRef = F1EA9B091906CCD4007F9F5C /* Foundation.framework */; };
		F1EA9B2E1906CCD4007F9F5C /* UIKit.framework in Frameworks */ = {isa = PBXBuildFile; fileRef = F1EA9B0D1906CCD4007F9F5C /* UIKit.framework */; };
		F1EA9B361906CCD4007F9F5C /* InfoPlist.strings in Resources */ = {isa = PBXBuildFile; fileRef = F1EA9B341906CCD4007F9F5C /* InfoPlist.strings */; };
		F1EA9B381906CCD4007F9F5C /* mudamudaTests.m in Sources */ = {isa = PBXBuildFile; fileRef = F1EA9B371906CCD4007F9F5C /* mudamudaTests.m */; };
		F1EA9B421906CD0D007F9F5C /* katakana.plist in Resources */ = {isa = PBXBuildFile; fileRef = F1EA9B411906CD0D007F9F5C /* katakana.plist */; };
		F1EA9B4719070201007F9F5C /* FPNMultipleChoiceVC.m in Sources */ = {isa = PBXBuildFile; fileRef = F1EA9B4619070201007F9F5C /* FPNMultipleChoiceVC.m */; };
		F1FD428A190F68FB00D83483 /* UIViewController+Colors.m in Sources */ = {isa = PBXBuildFile; fileRef = F1FD4289190F68FB00D83483 /* UIViewController+Colors.m */; };
/* End PBXBuildFile section */

/* Begin PBXContainerItemProxy section */
		F1EA9B2F1906CCD4007F9F5C /* PBXContainerItemProxy */ = {
			isa = PBXContainerItemProxy;
			containerPortal = F1EA9AFE1906CCD4007F9F5C /* Project object */;
			proxyType = 1;
			remoteGlobalIDString = F1EA9B051906CCD4007F9F5C;
			remoteInfo = mudamuda;
		};
/* End PBXContainerItemProxy section */

/* Begin PBXFileReference section */
		F191A80C190A1794004836F2 /* FPNViewBorderColorizer.h */ = {isa = PBXFileReference; fileEncoding = 4; lastKnownFileType = sourcecode.c.h; name = FPNViewBorderColorizer.h; path = Views/FPNViewBorderColorizer.h; sourceTree = "<group>"; };
		F191A80D190A1794004836F2 /* FPNViewBorderColorizer.m */ = {isa = PBXFileReference; fileEncoding = 4; lastKnownFileType = sourcecode.c.objc; name = FPNViewBorderColorizer.m; path = Views/FPNViewBorderColorizer.m; sourceTree = "<group>"; };
		F191A810190A2050004836F2 /* FPNAllRomanjiForKana.h */ = {isa = PBXFileReference; fileEncoding = 4; lastKnownFileType = sourcecode.c.h; name = FPNAllRomanjiForKana.h; path = Models/FPNAllRomanjiForKana.h; sourceTree = "<group>"; };
		F191A811190A2050004836F2 /* FPNAllRomanjiForKana.m */ = {isa = PBXFileReference; fileEncoding = 4; lastKnownFileType = sourcecode.c.objc; name = FPNAllRomanjiForKana.m; path = Models/FPNAllRomanjiForKana.m; sourceTree = "<group>"; };
		F191A814190AFCE3004836F2 /* FPNMultipleChoiceQuizGenerator.h */ = {isa = PBXFileReference; lastKnownFileType = sourcecode.c.h; name = FPNMultipleChoiceQuizGenerator.h; path = Protocols/FPNMultipleChoiceQuizGenerator.h; sourceTree = "<group>"; };
		F191A815190AFD4E004836F2 /* FPNQuizSelectorTableVC.h */ = {isa = PBXFileReference; fileEncoding = 4; lastKnownFileType = sourcecode.c.h; name = FPNQuizSelectorTableVC.h; path = ViewControllers/FPNQuizSelectorTableVC.h; sourceTree = "<group>"; };
		F191A816190AFD4E004836F2 /* FPNQuizSelectorTableVC.m */ = {isa = PBXFileReference; fileEncoding = 4; lastKnownFileType = sourcecode.c.objc; name = FPNQuizSelectorTableVC.m; path = ViewControllers/FPNQuizSelectorTableVC.m; sourceTree = "<group>"; };
		F191A818190B3877004836F2 /* hiragana.plist */ = {isa = PBXFileReference; fileEncoding = 4; lastKnownFileType = text.plist.xml; name = hiragana.plist; path = assets/hiragana.plist; sourceTree = "<group>"; };
		F191A81A190DC4EE004836F2 /* FPNQuizAnswerButton.h */ = {isa = PBXFileReference; fileEncoding = 4; lastKnownFileType = sourcecode.c.h; name = FPNQuizAnswerButton.h; path = Views/FPNQuizAnswerButton.h; sourceTree = "<group>"; };
		F191A81B190DC4EE004836F2 /* FPNQuizAnswerButton.m */ = {isa = PBXFileReference; fileEncoding = 4; lastKnownFileType = sourcecode.c.objc; name = FPNQuizAnswerButton.m; path = Views/FPNQuizAnswerButton.m; sourceTree = "<group>"; };
		F1C17F9C191746F8003102E6 /* Model.xcdatamodel */ = {isa = PBXFileReference; lastKnownFileType = wrapper.xcdatamodel; path = Model.xcdatamodel; sourceTree = "<group>"; };
		F1C17F9E19174909003102E6 /* FPNConjugateJapaneseQuizGenerator.h */ = {isa = PBXFileReference; fileEncoding = 4; lastKnownFileType = sourcecode.c.h; name = FPNConjugateJapaneseQuizGenerator.h; path = Models/FPNConjugateJapaneseQuizGenerator.h; sourceTree = "<group>"; };
		F1C17F9F19174909003102E6 /* FPNConjugateJapaneseQuizGenerator.m */ = {isa = PBXFileReference; fileEncoding = 4; lastKnownFileType = sourcecode.c.objc; name = FPNConjugateJapaneseQuizGenerator.m; path = Models/FPNConjugateJapaneseQuizGenerator.m; sourceTree = "<group>"; };
		F1C17FA11917D5FE003102E6 /* NSArray+Tools.h */ = {isa = PBXFileReference; fileEncoding = 4; lastKnownFileType = sourcecode.c.h; name = "NSArray+Tools.h"; path = "Models/NSArray+Tools.h"; sourceTree = "<group>"; };
		F1C17FA21917D5FE003102E6 /* NSArray+Tools.m */ = {isa = PBXFileReference; fileEncoding = 4; lastKnownFileType = sourcecode.c.objc; name = "NSArray+Tools.m"; path = "Models/NSArray+Tools.m"; sourceTree = "<group>"; };
		F1CB90CE190EAEA2004BFC47 /* hangul.plist */ = {isa = PBXFileReference; fileEncoding = 4; lastKnownFileType = text.plist.xml; name = hangul.plist; path = assets/hangul.plist; sourceTree = "<group>"; };
		F1CB90D0190F4865004BFC47 /* FPNHangulQuizGenerator.h */ = {isa = PBXFileReference; fileEncoding = 4; lastKnownFileType = sourcecode.c.h; name = FPNHangulQuizGenerator.h; path = Models/FPNHangulQuizGenerator.h; sourceTree = "<group>"; };
		F1CB90D1190F4865004BFC47 /* FPNHangulQuizGenerator.m */ = {isa = PBXFileReference; fileEncoding = 4; lastKnownFileType = sourcecode.c.objc; name = FPNHangulQuizGenerator.m; path = Models/FPNHangulQuizGenerator.m; sourceTree = "<group>"; };
		F1CB90D3190F4EE9004BFC47 /* UIView+Tools.h */ = {isa = PBXFileReference; fileEncoding = 4; lastKnownFileType = sourcecode.c.h; name = "UIView+Tools.h"; path = "Views/UIView+Tools.h"; sourceTree = "<group>"; };
		F1CB90D4190F4EE9004BFC47 /* UIView+Tools.m */ = {isa = PBXFileReference; fileEncoding = 4; lastKnownFileType = sourcecode.c.objc; name = "UIView+Tools.m"; path = "Views/UIView+Tools.m"; sourceTree = "<group>"; };
		F1CB9125191280A0004BFC47 /* about.plist */ = {isa = PBXFileReference; fileEncoding = 4; lastKnownFileType = text.plist.xml; name = about.plist; path = assets/about.plist; sourceTree = "<group>"; };
		F1CB91401916F9F4004BFC47 /* japanese_words.plist */ = {isa = PBXFileReference; fileEncoding = 4; lastKnownFileType = text.plist.xml; name = japanese_words.plist; path = assets/japanese_words.plist; sourceTree = "<group>"; };
		F1EA9B061906CCD4007F9F5C /* mudamuda.app */ = {isa = PBXFileReference; explicitFileType = wrapper.application; includeInIndex = 0; path = mudamuda.app; sourceTree = BUILT_PRODUCTS_DIR; };
		F1EA9B091906CCD4007F9F5C /* Foundation.framework */ = {isa = PBXFileReference; lastKnownFileType = wrapper.framework; name = Foundation.framework; path = System/Library/Frameworks/Foundation.framework; sourceTree = SDKROOT; };
		F1EA9B0B1906CCD4007F9F5C /* CoreGraphics.framework */ = {isa = PBXFileReference; lastKnownFileType = wrapper.framework; name = CoreGraphics.framework; path = System/Library/Frameworks/CoreGraphics.framework; sourceTree = SDKROOT; };
		F1EA9B0D1906CCD4007F9F5C /* UIKit.framework */ = {isa = PBXFileReference; lastKnownFileType = wrapper.framework; name = UIKit.framework; path = System/Library/Frameworks/UIKit.framework; sourceTree = SDKROOT; };
		F1EA9B111906CCD4007F9F5C /* mudamuda-Info.plist */ = {isa = PBXFileReference; lastKnownFileType = text.plist.xml; path = "mudamuda-Info.plist"; sourceTree = "<group>"; };
		F1EA9B131906CCD4007F9F5C /* en */ = {isa = PBXFileReference; lastKnownFileType = text.plist.strings; name = en; path = en.lproj/InfoPlist.strings; sourceTree = "<group>"; };
		F1EA9B151906CCD4007F9F5C /* main.m */ = {isa = PBXFileReference; lastKnownFileType = sourcecode.c.objc; path = main.m; sourceTree = "<group>"; };
		F1EA9B171906CCD4007F9F5C /* mudamuda-Prefix.pch */ = {isa = PBXFileReference; lastKnownFileType = sourcecode.c.h; path = "mudamuda-Prefix.pch"; sourceTree = "<group>"; };
		F1EA9B181906CCD4007F9F5C /* FPNAppDelegate.h */ = {isa = PBXFileReference; lastKnownFileType = sourcecode.c.h; path = FPNAppDelegate.h; sourceTree = "<group>"; };
		F1EA9B191906CCD4007F9F5C /* FPNAppDelegate.m */ = {isa = PBXFileReference; lastKnownFileType = sourcecode.c.objc; path = FPNAppDelegate.m; sourceTree = "<group>"; };
		F1EA9B1C1906CCD4007F9F5C /* Base */ = {isa = PBXFileReference; lastKnownFileType = file.storyboard; name = Base; path = Base.lproj/Main_iPhone.storyboard; sourceTree = "<group>"; };
		F1EA9B1F1906CCD4007F9F5C /* Base */ = {isa = PBXFileReference; lastKnownFileType = file.storyboard; name = Base; path = Base.lproj/Main_iPad.storyboard; sourceTree = "<group>"; };
		F1EA9B211906CCD4007F9F5C /* FPNViewController.h */ = {isa = PBXFileReference; lastKnownFileType = sourcecode.c.h; path = FPNViewController.h; sourceTree = "<group>"; };
		F1EA9B221906CCD4007F9F5C /* FPNViewController.m */ = {isa = PBXFileReference; lastKnownFileType = sourcecode.c.objc; path = FPNViewController.m; sourceTree = "<group>"; };
		F1EA9B241906CCD4007F9F5C /* Images.xcassets */ = {isa = PBXFileReference; lastKnownFileType = folder.assetcatalog; path = Images.xcassets; sourceTree = "<group>"; };
		F1EA9B2A1906CCD4007F9F5C /* mudamudaTests.xctest */ = {isa = PBXFileReference; explicitFileType = wrapper.cfbundle; includeInIndex = 0; path = mudamudaTests.xctest; sourceTree = BUILT_PRODUCTS_DIR; };
		F1EA9B2B1906CCD4007F9F5C /* XCTest.framework */ = {isa = PBXFileReference; lastKnownFileType = wrapper.framework; name = XCTest.framework; path = Library/Frameworks/XCTest.framework; sourceTree = DEVELOPER_DIR; };
		F1EA9B331906CCD4007F9F5C /* mudamudaTests-Info.plist */ = {isa = PBXFileReference; lastKnownFileType = text.plist.xml; path = "mudamudaTests-Info.plist"; sourceTree = "<group>"; };
		F1EA9B351906CCD4007F9F5C /* en */ = {isa = PBXFileReference; lastKnownFileType = text.plist.strings; name = en; path = en.lproj/InfoPlist.strings; sourceTree = "<group>"; };
		F1EA9B371906CCD4007F9F5C /* mudamudaTests.m */ = {isa = PBXFileReference; lastKnownFileType = sourcecode.c.objc; path = mudamudaTests.m; sourceTree = "<group>"; };
		F1EA9B411906CD0D007F9F5C /* katakana.plist */ = {isa = PBXFileReference; fileEncoding = 4; lastKnownFileType = text.plist.xml; name = katakana.plist; path = assets/katakana.plist; sourceTree = "<group>"; };
		F1EA9B4519070201007F9F5C /* FPNMultipleChoiceVC.h */ = {isa = PBXFileReference; fileEncoding = 4; lastKnownFileType = sourcecode.c.h; name = FPNMultipleChoiceVC.h; path = ViewControllers/FPNMultipleChoiceVC.h; sourceTree = "<group>"; };
		F1EA9B4619070201007F9F5C /* FPNMultipleChoiceVC.m */ = {isa = PBXFileReference; fileEncoding = 4; lastKnownFileType = sourcecode.c.objc; name = FPNMultipleChoiceVC.m; path = ViewControllers/FPNMultipleChoiceVC.m; sourceTree = "<group>"; };
		F1FD4288190F68FB00D83483 /* UIViewController+Colors.h */ = {isa = PBXFileReference; fileEncoding = 4; lastKnownFileType = sourcecode.c.h; name = "UIViewController+Colors.h"; path = "ViewControllers/UIViewController+Colors.h"; sourceTree = "<group>"; };
		F1FD4289190F68FB00D83483 /* UIViewController+Colors.m */ = {isa = PBXFileReference; fileEncoding = 4; lastKnownFileType = sourcecode.c.objc; name = "UIViewController+Colors.m"; path = "ViewControllers/UIViewController+Colors.m"; sourceTree = "<group>"; };
/* End PBXFileReference section */

/* Begin PBXFrameworksBuildPhase section */
		F1EA9B031906CCD4007F9F5C /* Frameworks */ = {
			isa = PBXFrameworksBuildPhase;
			buildActionMask = 2147483647;
			files = (
				F1EA9B0C1906CCD4007F9F5C /* CoreGraphics.framework in Frameworks */,
				F1EA9B0E1906CCD4007F9F5C /* UIKit.framework in Frameworks */,
				F1EA9B0A1906CCD4007F9F5C /* Foundation.framework in Frameworks */,
			);
			runOnlyForDeploymentPostprocessing = 0;
		};
		F1EA9B271906CCD4007F9F5C /* Frameworks */ = {
			isa = PBXFrameworksBuildPhase;
			buildActionMask = 2147483647;
			files = (
				F1EA9B2C1906CCD4007F9F5C /* XCTest.framework in Frameworks */,
				F1EA9B2E1906CCD4007F9F5C /* UIKit.framework in Frameworks */,
				F1EA9B2D1906CCD4007F9F5C /* Foundation.framework in Frameworks */,
			);
			runOnlyForDeploymentPostprocessing = 0;
		};
/* End PBXFrameworksBuildPhase section */

/* Begin PBXGroup section */
		F191A80B190A1765004836F2 /* Views */ = {
			isa = PBXGroup;
			children = (
				F191A80C190A1794004836F2 /* FPNViewBorderColorizer.h */,
				F191A80D190A1794004836F2 /* FPNViewBorderColorizer.m */,
				F191A81A190DC4EE004836F2 /* FPNQuizAnswerButton.h */,
				F191A81B190DC4EE004836F2 /* FPNQuizAnswerButton.m */,
				F1CB90D3190F4EE9004BFC47 /* UIView+Tools.h */,
				F1CB90D4190F4EE9004BFC47 /* UIView+Tools.m */,
			);
			name = Views;
			sourceTree = "<group>";
		};
		F191A80F190A201F004836F2 /* Models */ = {
			isa = PBXGroup;
			children = (
				F191A810190A2050004836F2 /* FPNAllRomanjiForKana.h */,
				F191A811190A2050004836F2 /* FPNAllRomanjiForKana.m */,
				F1CB90D0190F4865004BFC47 /* FPNHangulQuizGenerator.h */,
				F1CB90D1190F4865004BFC47 /* FPNHangulQuizGenerator.m */,
				F1C17F9E19174909003102E6 /* FPNConjugateJapaneseQuizGenerator.h */,
				F1C17F9F19174909003102E6 /* FPNConjugateJapaneseQuizGenerator.m */,
				F1C17FA11917D5FE003102E6 /* NSArray+Tools.h */,
				F1C17FA21917D5FE003102E6 /* NSArray+Tools.m */,
			);
			name = Models;
			sourceTree = "<group>";
		};
		F191A813190AFCBE004836F2 /* Protocols */ = {
			isa = PBXGroup;
			children = (
				F191A814190AFCE3004836F2 /* FPNMultipleChoiceQuizGenerator.h */,
			);
			name = Protocols;
			sourceTree = "<group>";
		};
		F1EA9AFD1906CCD4007F9F5C = {
			isa = PBXGroup;
			children = (
				F1EA9B0F1906CCD4007F9F5C /* mudamuda */,
				F1EA9B311906CCD4007F9F5C /* mudamudaTests */,
				F1EA9B081906CCD4007F9F5C /* Frameworks */,
				F1EA9B071906CCD4007F9F5C /* Products */,
			);
			sourceTree = "<group>";
		};
		F1EA9B071906CCD4007F9F5C /* Products */ = {
			isa = PBXGroup;
			children = (
				F1EA9B061906CCD4007F9F5C /* mudamuda.app */,
				F1EA9B2A1906CCD4007F9F5C /* mudamudaTests.xctest */,
			);
			name = Products;
			sourceTree = "<group>";
		};
		F1EA9B081906CCD4007F9F5C /* Frameworks */ = {
			isa = PBXGroup;
			children = (
				F1EA9B091906CCD4007F9F5C /* Foundation.framework */,
				F1EA9B0B1906CCD4007F9F5C /* CoreGraphics.framework */,
				F1EA9B0D1906CCD4007F9F5C /* UIKit.framework */,
				F1EA9B2B1906CCD4007F9F5C /* XCTest.framework */,
			);
			name = Frameworks;
			sourceTree = "<group>";
		};
		F1EA9B0F1906CCD4007F9F5C /* mudamuda */ = {
			isa = PBXGroup;
			children = (
				F191A813190AFCBE004836F2 /* Protocols */,
				F191A80F190A201F004836F2 /* Models */,
				F191A80B190A1765004836F2 /* Views */,
				F1EA9B44190701D9007F9F5C /* ViewControllers */,
				F1EA9B431906CD13007F9F5C /* assets */,
				F1EA9B181906CCD4007F9F5C /* FPNAppDelegate.h */,
				F1EA9B191906CCD4007F9F5C /* FPNAppDelegate.m */,
				F1EA9B1B1906CCD4007F9F5C /* Main_iPhone.storyboard */,
				F1EA9B1E1906CCD4007F9F5C /* Main_iPad.storyboard */,
				F1EA9B211906CCD4007F9F5C /* FPNViewController.h */,
				F1EA9B221906CCD4007F9F5C /* FPNViewController.m */,
				F1EA9B241906CCD4007F9F5C /* Images.xcassets */,
				F1EA9B101906CCD4007F9F5C /* Supporting Files */,
			);
			path = mudamuda;
			sourceTree = "<group>";
		};
		F1EA9B101906CCD4007F9F5C /* Supporting Files */ = {
			isa = PBXGroup;
			children = (
				F1EA9B111906CCD4007F9F5C /* mudamuda-Info.plist */,
				F1EA9B121906CCD4007F9F5C /* InfoPlist.strings */,
				F1EA9B151906CCD4007F9F5C /* main.m */,
				F1EA9B171906CCD4007F9F5C /* mudamuda-Prefix.pch */,
			);
			name = "Supporting Files";
			sourceTree = "<group>";
		};
		F1EA9B311906CCD4007F9F5C /* mudamudaTests */ = {
			isa = PBXGroup;
			children = (
				F1EA9B371906CCD4007F9F5C /* mudamudaTests.m */,
				F1EA9B321906CCD4007F9F5C /* Supporting Files */,
			);
			path = mudamudaTests;
			sourceTree = "<group>";
		};
		F1EA9B321906CCD4007F9F5C /* Supporting Files */ = {
			isa = PBXGroup;
			children = (
				F1EA9B331906CCD4007F9F5C /* mudamudaTests-Info.plist */,
				F1EA9B341906CCD4007F9F5C /* InfoPlist.strings */,
			);
			name = "Supporting Files";
			sourceTree = "<group>";
		};
		F1EA9B431906CD13007F9F5C /* assets */ = {
			isa = PBXGroup;
			children = (
				F1EA9B411906CD0D007F9F5C /* katakana.plist */,
				F191A818190B3877004836F2 /* hiragana.plist */,
				F1CB90CE190EAEA2004BFC47 /* hangul.plist */,
				F1CB9125191280A0004BFC47 /* about.plist */,
				F1CB91401916F9F4004BFC47 /* japanese_words.plist */,
				F1C17F9B191746F8003102E6 /* Model.xcdatamodeld */,
			);
			name = assets;
			sourceTree = "<group>";
		};
		F1EA9B44190701D9007F9F5C /* ViewControllers */ = {
			isa = PBXGroup;
			children = (
				F1EA9B4519070201007F9F5C /* FPNMultipleChoiceVC.h */,
				F1EA9B4619070201007F9F5C /* FPNMultipleChoiceVC.m */,
				F191A815190AFD4E004836F2 /* FPNQuizSelectorTableVC.h */,
				F191A816190AFD4E004836F2 /* FPNQuizSelectorTableVC.m */,
				F1FD4288190F68FB00D83483 /* UIViewController+Colors.h */,
				F1FD4289190F68FB00D83483 /* UIViewController+Colors.m */,
			);
			name = ViewControllers;
			sourceTree = "<group>";
		};
/* End PBXGroup section */

/* Begin PBXNativeTarget section */
		F1EA9B051906CCD4007F9F5C /* mudamuda */ = {
			isa = PBXNativeTarget;
			buildConfigurationList = F1EA9B3B1906CCD4007F9F5C /* Build configuration list for PBXNativeTarget "mudamuda" */;
			buildPhases = (
				F1EA9B021906CCD4007F9F5C /* Sources */,
				F1EA9B031906CCD4007F9F5C /* Frameworks */,
				F1EA9B041906CCD4007F9F5C /* Resources */,
			);
			buildRules = (
			);
			dependencies = (
			);
			name = mudamuda;
			productName = mudamuda;
			productReference = F1EA9B061906CCD4007F9F5C /* mudamuda.app */;
			productType = "com.apple.product-type.application";
		};
		F1EA9B291906CCD4007F9F5C /* mudamudaTests */ = {
			isa = PBXNativeTarget;
			buildConfigurationList = F1EA9B3E1906CCD4007F9F5C /* Build configuration list for PBXNativeTarget "mudamudaTests" */;
			buildPhases = (
				F1EA9B261906CCD4007F9F5C /* Sources */,
				F1EA9B271906CCD4007F9F5C /* Frameworks */,
				F1EA9B281906CCD4007F9F5C /* Resources */,
			);
			buildRules = (
			);
			dependencies = (
				F1EA9B301906CCD4007F9F5C /* PBXTargetDependency */,
			);
			name = mudamudaTests;
			productName = mudamudaTests;
			productReference = F1EA9B2A1906CCD4007F9F5C /* mudamudaTests.xctest */;
			productType = "com.apple.product-type.bundle.unit-test";
		};
/* End PBXNativeTarget section */

/* Begin PBXProject section */
		F1EA9AFE1906CCD4007F9F5C /* Project object */ = {
			isa = PBXProject;
			attributes = {
				CLASSPREFIX = FPN;
				LastUpgradeCheck = 0510;
				ORGANIZATIONNAME = FreezedPeanuts;
				TargetAttributes = {
					F1EA9B051906CCD4007F9F5C = {
						DevelopmentTeam = 9BPXK53826;
					};
					F1EA9B291906CCD4007F9F5C = {
						TestTargetID = F1EA9B051906CCD4007F9F5C;
					};
				};
			};
			buildConfigurationList = F1EA9B011906CCD4007F9F5C /* Build configuration list for PBXProject "mudamuda" */;
			compatibilityVersion = "Xcode 3.2";
			developmentRegion = English;
			hasScannedForEncodings = 0;
			knownRegions = (
				en,
				Base,
			);
			mainGroup = F1EA9AFD1906CCD4007F9F5C;
			productRefGroup = F1EA9B071906CCD4007F9F5C /* Products */;
			projectDirPath = "";
			projectRoot = "";
			targets = (
				F1EA9B051906CCD4007F9F5C /* mudamuda */,
				F1EA9B291906CCD4007F9F5C /* mudamudaTests */,
			);
		};
/* End PBXProject section */

/* Begin PBXResourcesBuildPhase section */
		F1EA9B041906CCD4007F9F5C /* Resources */ = {
			isa = PBXResourcesBuildPhase;
			buildActionMask = 2147483647;
			files = (
				F1CB9126191280A0004BFC47 /* about.plist in Resources */,
				F1CB91411916F9F4004BFC47 /* japanese_words.plist in Resources */,
				F1EA9B201906CCD4007F9F5C /* Main_iPad.storyboard in Resources */,
				F1EA9B251906CCD4007F9F5C /* Images.xcassets in Resources */,
				F1EA9B1D1906CCD4007F9F5C /* Main_iPhone.storyboard in Resources */,
				F191A819190B3877004836F2 /* hiragana.plist in Resources */,
				F1EA9B421906CD0D007F9F5C /* katakana.plist in Resources */,
				F1EA9B141906CCD4007F9F5C /* InfoPlist.strings in Resources */,
				F1CB90CF190EAEA2004BFC47 /* hangul.plist in Resources */,
			);
			runOnlyForDeploymentPostprocessing = 0;
		};
		F1EA9B281906CCD4007F9F5C /* Resources */ = {
			isa = PBXResourcesBuildPhase;
			buildActionMask = 2147483647;
			files = (
				F1EA9B361906CCD4007F9F5C /* InfoPlist.strings in Resources */,
			);
			runOnlyForDeploymentPostprocessing = 0;
		};
/* End PBXResourcesBuildPhase section */

/* Begin PBXSourcesBuildPhase section */
		F1EA9B021906CCD4007F9F5C /* Sources */ = {
			isa = PBXSourcesBuildPhase;
			buildActionMask = 2147483647;
			files = (
				F1FD428A190F68FB00D83483 /* UIViewController+Colors.m in Sources */,
				F1C17FA019174909003102E6 /* FPNConjugateJapaneseQuizGenerator.m in Sources */,
				F191A812190A2050004836F2 /* FPNAllRomanjiForKana.m in Sources */,
				F191A81C190DC4EE004836F2 /* FPNQuizAnswerButton.m in Sources */,
				F1EA9B4719070201007F9F5C /* FPNMultipleChoiceVC.m in Sources */,
				F1CB90D2190F4865004BFC47 /* FPNHangulQuizGenerator.m in Sources */,
				F1C17FA31917D5FE003102E6 /* NSArray+Tools.m in Sources */,
				F191A817190AFD4E004836F2 /* FPNQuizSelectorTableVC.m in Sources */,
				F1EA9B231906CCD4007F9F5C /* FPNViewController.m in Sources */,
				F191A80E190A1794004836F2 /* FPNViewBorderColorizer.m in Sources */,
				F1EA9B161906CCD4007F9F5C /* main.m in Sources */,
				F1CB90D5190F4EE9004BFC47 /* UIView+Tools.m in Sources */,
				F1EA9B1A1906CCD4007F9F5C /* FPNAppDelegate.m in Sources */,
				F1C17F9D191746F8003102E6 /* Model.xcdatamodeld in Sources */,
			);
			runOnlyForDeploymentPostprocessing = 0;
		};
		F1EA9B261906CCD4007F9F5C /* Sources */ = {
			isa = PBXSourcesBuildPhase;
			buildActionMask = 2147483647;
			files = (
				F1EA9B381906CCD4007F9F5C /* mudamudaTests.m in Sources */,
			);
			runOnlyForDeploymentPostprocessing = 0;
		};
/* End PBXSourcesBuildPhase section */

/* Begin PBXTargetDependency section */
		F1EA9B301906CCD4007F9F5C /* PBXTargetDependency */ = {
			isa = PBXTargetDependency;
			target = F1EA9B051906CCD4007F9F5C /* mudamuda */;
			targetProxy = F1EA9B2F1906CCD4007F9F5C /* PBXContainerItemProxy */;
		};
/* End PBXTargetDependency section */

/* Begin PBXVariantGroup section */
		F1EA9B121906CCD4007F9F5C /* InfoPlist.strings */ = {
			isa = PBXVariantGroup;
			children = (
				F1EA9B131906CCD4007F9F5C /* en */,
			);
			name = InfoPlist.strings;
			sourceTree = "<group>";
		};
		F1EA9B1B1906CCD4007F9F5C /* Main_iPhone.storyboard */ = {
			isa = PBXVariantGroup;
			children = (
				F1EA9B1C1906CCD4007F9F5C /* Base */,
			);
			name = Main_iPhone.storyboard;
			sourceTree = "<group>";
		};
		F1EA9B1E1906CCD4007F9F5C /* Main_iPad.storyboard */ = {
			isa = PBXVariantGroup;
			children = (
				F1EA9B1F1906CCD4007F9F5C /* Base */,
			);
			name = Main_iPad.storyboard;
			sourceTree = "<group>";
		};
		F1EA9B341906CCD4007F9F5C /* InfoPlist.strings */ = {
			isa = PBXVariantGroup;
			children = (
				F1EA9B351906CCD4007F9F5C /* en */,
			);
			name = InfoPlist.strings;
			sourceTree = "<group>";
		};
/* End PBXVariantGroup section */

/* Begin XCBuildConfiguration section */
		F1EA9B391906CCD4007F9F5C /* Debug */ = {
			isa = XCBuildConfiguration;
			buildSettings = {
				ALWAYS_SEARCH_USER_PATHS = NO;
				CLANG_CXX_LANGUAGE_STANDARD = "gnu++0x";
				CLANG_CXX_LIBRARY = "libc++";
				CLANG_ENABLE_MODULES = YES;
				CLANG_ENABLE_OBJC_ARC = YES;
				CLANG_WARN_BOOL_CONVERSION = YES;
				CLANG_WARN_CONSTANT_CONVERSION = YES;
				CLANG_WARN_DIRECT_OBJC_ISA_USAGE = YES_ERROR;
				CLANG_WARN_EMPTY_BODY = YES;
				CLANG_WARN_ENUM_CONVERSION = YES;
				CLANG_WARN_INT_CONVERSION = YES;
				CLANG_WARN_OBJC_ROOT_CLASS = YES_ERROR;
				CLANG_WARN__DUPLICATE_METHOD_MATCH = YES;
				"CODE_SIGN_IDENTITY[sdk=iphoneos*]" = "iPhone Developer";
				COPY_PHASE_STRIP = NO;
				GCC_C_LANGUAGE_STANDARD = gnu99;
				GCC_DYNAMIC_NO_PIC = NO;
				GCC_OPTIMIZATION_LEVEL = 0;
				GCC_PREPROCESSOR_DEFINITIONS = (
					"DEBUG=1",
					"$(inherited)",
				);
				GCC_SYMBOLS_PRIVATE_EXTERN = NO;
				GCC_WARN_64_TO_32_BIT_CONVERSION = YES;
				GCC_WARN_ABOUT_RETURN_TYPE = YES_ERROR;
				GCC_WARN_UNDECLARED_SELECTOR = YES;
				GCC_WARN_UNINITIALIZED_AUTOS = YES_AGGRESSIVE;
				GCC_WARN_UNUSED_FUNCTION = YES;
				GCC_WARN_UNUSED_VARIABLE = YES;
				IPHONEOS_DEPLOYMENT_TARGET = 7.1;
				ONLY_ACTIVE_ARCH = YES;
				SDKROOT = iphoneos;
				TARGETED_DEVICE_FAMILY = "1,2";
			};
			name = Debug;
		};
		F1EA9B3A1906CCD4007F9F5C /* Release */ = {
			isa = XCBuildConfiguration;
			buildSettings = {
				ALWAYS_SEARCH_USER_PATHS = NO;
				CLANG_CXX_LANGUAGE_STANDARD = "gnu++0x";
				CLANG_CXX_LIBRARY = "libc++";
				CLANG_ENABLE_MODULES = YES;
				CLANG_ENABLE_OBJC_ARC = YES;
				CLANG_WARN_BOOL_CONVERSION = YES;
				CLANG_WARN_CONSTANT_CONVERSION = YES;
				CLANG_WARN_DIRECT_OBJC_ISA_USAGE = YES_ERROR;
				CLANG_WARN_EMPTY_BODY = YES;
				CLANG_WARN_ENUM_CONVERSION = YES;
				CLANG_WARN_INT_CONVERSION = YES;
				CLANG_WARN_OBJC_ROOT_CLASS = YES_ERROR;
				CLANG_WARN__DUPLICATE_METHOD_MATCH = YES;
				"CODE_SIGN_IDENTITY[sdk=iphoneos*]" = "iPhone Developer";
				COPY_PHASE_STRIP = YES;
				ENABLE_NS_ASSERTIONS = NO;
				GCC_C_LANGUAGE_STANDARD = gnu99;
				GCC_WARN_64_TO_32_BIT_CONVERSION = YES;
				GCC_WARN_ABOUT_RETURN_TYPE = YES_ERROR;
				GCC_WARN_UNDECLARED_SELECTOR = YES;
				GCC_WARN_UNINITIALIZED_AUTOS = YES_AGGRESSIVE;
				GCC_WARN_UNUSED_FUNCTION = YES;
				GCC_WARN_UNUSED_VARIABLE = YES;
				IPHONEOS_DEPLOYMENT_TARGET = 7.1;
				SDKROOT = iphoneos;
				TARGETED_DEVICE_FAMILY = "1,2";
				VALIDATE_PRODUCT = YES;
			};
			name = Release;
		};
		F1EA9B3C1906CCD4007F9F5C /* Debug */ = {
			isa = XCBuildConfiguration;
			buildSettings = {
				ASSETCATALOG_COMPILER_APPICON_NAME = AppIcon;
				ASSETCATALOG_COMPILER_LAUNCHIMAGE_NAME = LaunchImage;
				CODE_SIGN_IDENTITY = "iPhone Developer";
				"CODE_SIGN_IDENTITY[sdk=iphoneos*]" = "iPhone Developer";
				GCC_PRECOMPILE_PREFIX_HEADER = YES;
				GCC_PREFIX_HEADER = "mudamuda/mudamuda-Prefix.pch";
				INFOPLIST_FILE = "mudamuda/mudamuda-Info.plist";
				PRODUCT_NAME = "$(TARGET_NAME)";
				PROVISIONING_PROFILE = "5A5F6F54-2D45-4FA0-8562-EA0EFBA25370";
				SDKROOT = iphoneos7.1;
				WRAPPER_EXTENSION = app;
			};
			name = Debug;
		};
		F1EA9B3D1906CCD4007F9F5C /* Release */ = {
			isa = XCBuildConfiguration;
			buildSettings = {
				ASSETCATALOG_COMPILER_APPICON_NAME = AppIcon;
				ASSETCATALOG_COMPILER_LAUNCHIMAGE_NAME = LaunchImage;
				CODE_SIGN_IDENTITY = "iPhone Developer";
				"CODE_SIGN_IDENTITY[sdk=iphoneos*]" = "iPhone Developer";
				GCC_PRECOMPILE_PREFIX_HEADER = YES;
				GCC_PREFIX_HEADER = "mudamuda/mudamuda-Prefix.pch";
				INFOPLIST_FILE = "mudamuda/mudamuda-Info.plist";
				PRODUCT_NAME = "$(TARGET_NAME)";
				PROVISIONING_PROFILE = "5A5F6F54-2D45-4FA0-8562-EA0EFBA25370";
				SDKROOT = iphoneos7.1;
				WRAPPER_EXTENSION = app;
			};
			name = Release;
		};
		F1EA9B3F1906CCD4007F9F5C /* Debug */ = {
			isa = XCBuildConfiguration;
			buildSettings = {
				BUNDLE_LOADER = "$(BUILT_PRODUCTS_DIR)/mudamuda.app/mudamuda";
				FRAMEWORK_SEARCH_PATHS = (
					"$(SDKROOT)/Developer/Library/Frameworks",
					"$(inherited)",
					"$(DEVELOPER_FRAMEWORKS_DIR)",
				);
				GCC_PRECOMPILE_PREFIX_HEADER = YES;
				GCC_PREFIX_HEADER = "mudamuda/mudamuda-Prefix.pch";
				GCC_PREPROCESSOR_DEFINITIONS = (
					"DEBUG=1",
					"$(inherited)",
				);
				INFOPLIST_FILE = "mudamudaTests/mudamudaTests-Info.plist";
				PRODUCT_NAME = "$(TARGET_NAME)";
				TEST_HOST = "$(BUNDLE_LOADER)";
				WRAPPER_EXTENSION = xctest;
			};
			name = Debug;
		};
		F1EA9B401906CCD4007F9F5C /* Release */ = {
			isa = XCBuildConfiguration;
			buildSettings = {
				BUNDLE_LOADER = "$(BUILT_PRODUCTS_DIR)/mudamuda.app/mudamuda";
				FRAMEWORK_SEARCH_PATHS = (
					"$(SDKROOT)/Developer/Library/Frameworks",
					"$(inherited)",
					"$(DEVELOPER_FRAMEWORKS_DIR)",
				);
				GCC_PRECOMPILE_PREFIX_HEADER = YES;
				GCC_PREFIX_HEADER = "mudamuda/mudamuda-Prefix.pch";
				INFOPLIST_FILE = "mudamudaTests/mudamudaTests-Info.plist";
				PRODUCT_NAME = "$(TARGET_NAME)";
				TEST_HOST = "$(BUNDLE_LOADER)";
				WRAPPER_EXTENSION = xctest;
			};
			name = Release;
		};
/* End XCBuildConfiguration section */

/* Begin XCConfigurationList section */
		F1EA9B011906CCD4007F9F5C /* Build configuration list for PBXProject "mudamuda" */ = {
			isa = XCConfigurationList;
			buildConfigurations = (
				F1EA9B391906CCD4007F9F5C /* Debug */,
				F1EA9B3A1906CCD4007F9F5C /* Release */,
			);
			defaultConfigurationIsVisible = 0;
			defaultConfigurationName = Release;
		};
		F1EA9B3B1906CCD4007F9F5C /* Build configuration list for PBXNativeTarget "mudamuda" */ = {
			isa = XCConfigurationList;
			buildConfigurations = (
				F1EA9B3C1906CCD4007F9F5C /* Debug */,
				F1EA9B3D1906CCD4007F9F5C /* Release */,
			);
			defaultConfigurationIsVisible = 0;
			defaultConfigurationName = Release;
		};
		F1EA9B3E1906CCD4007F9F5C /* Build configuration list for PBXNativeTarget "mudamudaTests" */ = {
			isa = XCConfigurationList;
			buildConfigurations = (
				F1EA9B3F1906CCD4007F9F5C /* Debug */,
				F1EA9B401906CCD4007F9F5C /* Release */,
			);
			defaultConfigurationIsVisible = 0;
			defaultConfigurationName = Release;
		};
/* End XCConfigurationList section */

/* Begin XCVersionGroup section */
		F1C17F9B191746F8003102E6 /* Model.xcdatamodeld */ = {
			isa = XCVersionGroup;
			children = (
				F1C17F9C191746F8003102E6 /* Model.xcdatamodel */,
			);
			currentVersion = F1C17F9C191746F8003102E6 /* Model.xcdatamodel */;
			name = Model.xcdatamodeld;
			path = assets/Model.xcdatamodeld;
			sourceTree = "<group>";
			versionGroupType = wrapper.xcdatamodel;
		};
/* End XCVersionGroup section */
	};
	rootObject = F1EA9AFE1906CCD4007F9F5C /* Project object */;
}
